
Microsoft Visual Studio Solution File, Format Version 12.00
# Visual Studio 15
VisualStudioVersion = 15.0.28307.539
MinimumVisualStudioVersion = 10.0.40219.1
Project("{FAE04EC0-301F-11D3-BF4B-00C04F79EFBC}") = "GameEngine", "GameEngine\GameEngine.csproj", "{3EAC5768-91F6-4235-AB44-7E86869E750E}"
EndProject
Global
	GlobalSection(SolutionConfigurationPlatforms) = preSolution
		Debug|Any CPU = Debug|Any CPU
		Release|Any CPU = Release|Any CPU
	EndGlobalSection
	GlobalSection(ProjectConfigurationPlatforms) = postSolution
		{3EAC5768-91F6-4235-AB44-7E86869E750E}.Debug|Any CPU.ActiveCfg = Debug|Any CPU
		{3EAC5768-91F6-4235-AB44-7E86869E750E}.Debug|Any CPU.Build.0 = Debug|Any CPU
		{3EAC5768-91F6-4235-AB44-7E86869E750E}.Release|Any CPU.ActiveCfg = Release|Any CPU
		{3EAC5768-91F6-4235-AB44-7E86869E750E}.Release|Any CPU.Build.0 = Release|Any CPU
	EndGlobalSection
	GlobalSection(SolutionProperties) = preSolution
		HideSolutionNode = FALSE
	EndGlobalSection
	GlobalSection(ExtensibilityGlobals) = postSolution
		SolutionGuid = {8F63D7A9-03FA-4E99-9988-F53844A68768}
	EndGlobalSection
EndGlobal
